{
  "name": "desr-demo-app",
  "version": "1.0.0",
  "lockfileVersion": 2,
  "requires": true,
  "packages": {
    "": {
      "name": "desr-demo-app",
      "version": "1.0.0",
      "license": "MIT",
      "dependencies": {
        "three": "^0.128.0"
      },
      "devDependencies": {
        "http-server": "^14.1.1"
      }
    },
    "node_modules/three": {
      "version": "0.128.0",
      "resolved": "https://registry.npmjs.org/three/-/three-0.128.0.tgz",
      "integrity": "sha512-fEd/FMVYMYh9GJXPasAX0nQaN0Qz7jfZy+9jWPAQkafzRICALW0lh2dE7ZWx5/ZVGI5N5Q6+GE8dtjbLfEEDw=="
    },
    "node_modules/http-server": {
      "version": "14.1.1",
      "resolved": "https://registry.npmjs.org/http-server/-/http-server-14.1.1.tgz",
      "integrity": "sha512-+cbxadF40UXd9T0VPQNRdTuUe6uGJdpGzJF5BYNZHUeMWSbmgcirtpa3SDIlzfJW6SMQm+PJ+sBsfxKWa3Xkw==",
      "devDependencies": {
        "colors": "1.4.0",
        "corser": "~2.0.1",
        "he": "~1.2.0",
        "http-proxy": "~1.18.1",
        "mime": "^1.6.0",
        "minimist": "^1.2.6",
        "opener": "^1.5.1",
        "portfinder": "^1.0.28",
        "secure-compare": "3.0.1",
        "union": "~0.5.0",
        "url-join": "^4.0.1"
      }
    }
  },
  "dependencies": {
    "three": {
      "version": "0.128.0",
      "resolved": "https://registry.npmjs.org/three/-/three-0.128.0.tgz",
      "integrity": "sha512-fEd/FMVYMYh9GJXPasAX0nQaN0Qz7jfZy+9jWPAQkafzRICALW0lh2dE7ZWx5/ZVGI5N5Q6+GE8dtjbLfEEDw=="
    },
    "http-server": {
      "version": "14.1.1",
      "resolved": "https://registry.npmjs.org/http-server/-/http-server-14.1.1.tgz",
      "integrity": "sha512-+cbxadF40UXd9T0VPQNRdTuUe6uGJdpGzJF5BYNZHUeMWSbmgcirtpa3SDIlzfJW6SMQm+PJ+sBsfxKWa3Xkw==",
      "devDependencies": {
        "colors": "1.4.0",
        "corser": "~2.0.1",
        "he": "~1.2.0",
        "http-proxy": "~1.18.1",
        "mime": "^1.6.0",
        "minimist": "^1.2.6",
        "opener": "^1.5.1",
        "portfinder": "^1.0.28",
        "secure-compare": "3.0.1",
        "union": "~0.5.0",
        "url-join": "^4.0.1"
      }
    }
  }
}